
Microsoft Visual Studio Solution File, Format Version 12.00
# Visual Studio 15
Project("{FAE04EC0-301F-11D3-BF4B-00C04F79EFBC}") = "MyTestAssembly", "MyTestAssembly.csproj", "{07C2A53F-4D87-175C-6764-22009C21EB66}"
EndProject
Project("{FAE04EC0-301F-11D3-BF4B-00C04F79EFBC}") = "Assembly-CSharp-Editor", "Assembly-CSharp-Editor.csproj", "{69B267BB-DF81-6F99-5CCF-615AAD23DDC8}"
EndProject
Global
	GlobalSection(SolutionConfigurationPlatforms) = preSolution
		Debug|Any CPU = Debug|Any CPU
		Release|Any CPU = Release|Any CPU
	EndGlobalSection
	GlobalSection(ProjectConfigurationPlatforms) = postSolution
		{07C2A53F-4D87-175C-6764-22009C21EB66}.Debug|Any CPU.ActiveCfg = Debug|Any CPU
		{07C2A53F-4D87-175C-6764-22009C21EB66}.Debug|Any CPU.Build.0 = Debug|Any CPU
		{07C2A53F-4D87-175C-6764-22009C21EB66}.Release|Any CPU.ActiveCfg = Release|Any CPU
		{07C2A53F-4D87-175C-6764-22009C21EB66}.Release|Any CPU.Build.0 = Release|Any CPU
		{69B267BB-DF81-6F99-5CCF-615AAD23DDC8}.Debug|Any CPU.ActiveCfg = Debug|Any CPU
		{69B267BB-DF81-6F99-5CCF-615AAD23DDC8}.Debug|Any CPU.Build.0 = Debug|Any CPU
		{69B267BB-DF81-6F99-5CCF-615AAD23DDC8}.Release|Any CPU.ActiveCfg = Release|Any CPU
		{69B267BB-DF81-6F99-5CCF-615AAD23DDC8}.Release|Any CPU.Build.0 = Release|Any CPU
	EndGlobalSection
	GlobalSection(SolutionProperties) = preSolution
		HideSolutionNode = FALSE
	EndGlobalSection
EndGlobal
